
Microsoft Visual Studio Solution File, Format Version 12.00
# Visual Studio Version 17
VisualStudioVersion = 17.5.33424.131
MinimumVisualStudioVersion = 10.0.40219.1
Project("{9A19103F-16F7-4668-BE54-9A1E7A4F7556}") = "ZoomConnect.Web", "ZoomConnect.Web\ZoomConnect.Web.csproj", "{F1C7D53D-FEA8-4478-BAAD-9DC896682245}"
EndProject
Project("{9A19103F-16F7-4668-BE54-9A1E7A4F7556}") = "SecretJsonConfig", "SecretJsonConfig\SecretJsonConfig.csproj", "{8A5FAFB9-8B8D-4870-887E-4E0F97B1B373}"
EndProject
Project("{9A19103F-16F7-4668-BE54-9A1E7A4F7556}") = "ZoomConnect.Core", "ZoomConnect.Core\ZoomConnect.Core.csproj", "{2A4748F0-0208-4E41-9BA1-E4F45293F338}"
EndProject
Global
	GlobalSection(SolutionConfigurationPlatforms) = preSolution
		Debug|Any CPU = Debug|Any CPU
		Release|Any CPU = Release|Any CPU
	EndGlobalSection
	GlobalSection(ProjectConfigurationPlatforms) = postSolution
		{F1C7D53D-FEA8-4478-BAAD-9DC896682245}.Debug|Any CPU.ActiveCfg = Debug|Any CPU
		{F1C7D53D-FEA8-4478-BAAD-9DC896682245}.Debug|Any CPU.Build.0 = Debug|Any CPU
		{F1C7D53D-FEA8-4478-BAAD-9DC896682245}.Release|Any CPU.ActiveCfg = Release|Any CPU
		{F1C7D53D-FEA8-4478-BAAD-9DC896682245}.Release|Any CPU.Build.0 = Release|Any CPU
		{8A5FAFB9-8B8D-4870-887E-4E0F97B1B373}.Debug|Any CPU.ActiveCfg = Debug|Any CPU
		{8A5FAFB9-8B8D-4870-887E-4E0F97B1B373}.Debug|Any CPU.Build.0 = Debug|Any CPU
		{8A5FAFB9-8B8D-4870-887E-4E0F97B1B373}.Release|Any CPU.ActiveCfg = Release|Any CPU
		{8A5FAFB9-8B8D-4870-887E-4E0F97B1B373}.Release|Any CPU.Build.0 = Release|Any CPU
		{2A4748F0-0208-4E41-9BA1-E4F45293F338}.Debug|Any CPU.ActiveCfg = Debug|Any CPU
		{2A4748F0-0208-4E41-9BA1-E4F45293F338}.Debug|Any CPU.Build.0 = Debug|Any CPU
		{2A4748F0-0208-4E41-9BA1-E4F45293F338}.Release|Any CPU.ActiveCfg = Release|Any CPU
		{2A4748F0-0208-4E41-9BA1-E4F45293F338}.Release|Any CPU.Build.0 = Release|Any CPU
	EndGlobalSection
	GlobalSection(SolutionProperties) = preSolution
		HideSolutionNode = FALSE
	EndGlobalSection
	GlobalSection(ExtensibilityGlobals) = postSolution
		SolutionGuid = {FE9A28AF-7642-485B-ADDA-3752AA51EC0A}
	EndGlobalSection
EndGlobal
